
Microsoft Visual Studio Solution File, Format Version 12.00
# Visual Studio Version 16
VisualStudioVersion = 16.0.30611.23
MinimumVisualStudioVersion = 10.0.40219.1
Project("{FAE04EC0-301F-11D3-BF4B-00C04F79EFBC}") = "E-Shop", "E-Shop\E-Shop.csproj", "{477FD74B-7C0B-4B42-9154-D55E841AAC5B}"
EndProject
Global
	GlobalSection(SolutionConfigurationPlatforms) = preSolution
		Debug|Any CPU = Debug|Any CPU
		Release|Any CPU = Release|Any CPU
	EndGlobalSection
	GlobalSection(ProjectConfigurationPlatforms) = postSolution
		{477FD74B-7C0B-4B42-9154-D55E841AAC5B}.Debug|Any CPU.ActiveCfg = Debug|Any CPU
		{477FD74B-7C0B-4B42-9154-D55E841AAC5B}.Debug|Any CPU.Build.0 = Debug|Any CPU
		{477FD74B-7C0B-4B42-9154-D55E841AAC5B}.Release|Any CPU.ActiveCfg = Release|Any CPU
		{477FD74B-7C0B-4B42-9154-D55E841AAC5B}.Release|Any CPU.Build.0 = Release|Any CPU
	EndGlobalSection
	GlobalSection(SolutionProperties) = preSolution
		HideSolutionNode = FALSE
	EndGlobalSection
	GlobalSection(ExtensibilityGlobals) = postSolution
		SolutionGuid = {D72F6B7E-B5BF-4D5F-A0E0-1F8C01EC0634}
	EndGlobalSection
EndGlobal
